{
  "version": 4,
  "terraform_version": "1.3.7",
  "serial": 16,
  "lineage": "fa9a65e8-4eb5-80fd-8307-25b2754955af",
  "outputs": {},
  "resources": [
    {
      "mode": "managed",
      "type": "azurerm_linux_virtual_machine",
      "name": "jenkins",
      "provider": "provider[\"registry.terraform.io/hashicorp/azurerm\"]",
      "instances": [
        {
          "schema_version": 0,
          "attributes": {
            "additional_capabilities": [],
            "admin_password": null,
            "admin_ssh_key": [
              {
                "public_key": "ssh-rsa AAAAB3NzaC1yc2EAAAADAQABAAABgQDMO4Xsq27YBjt8kRuG39zlMUyqz2JnR174vA7d9zabi6MNs+Jz8w/iLW4VyCG2hMYvwBtE9XsFyS5fBdTs2lQ1Nt7QCS3E5d6CRqUsdJT/N2WcWbL5rx5AUx2D6EC6buoOUkbQvyZV5XE8AC1cfd2LDpSqhzO9x/GiDq1V0ky8rB3zwlJ6kpfeWY+9uw3tv+HT/P1XGIjCGhP065ZZnfW4CjKL0S9abPa2f9tpdhm8+ZmSOUuqO8SDEssITQprG2xQc1NgyNVGzrIKWhfW6RO7yHPGe/4TWbXzRiVgkCLQEpU0i6ynzelidPXSKTTXCjS6ZSqvKSW4ResxFC0PIYL1v+kFY9gwZ9ytkIHo8Daz1H4gQ+uNAqR2ZXrclGH6Nv5RxKmC9gFMg9VlZo/G5FnKRSoCOO5IJLJvXVaf4JPi8Wf0RP7u8PZzrRl9wH1lc0+7b52xS/AnSZrR+5sNB2XH5BqlgnQCFBm1esxBBpvsLfk5kF33ywJuvDwyXYs7+Kc= binod@Binod\r\n",
                "username": "azureuser"
              }
            ],
            "admin_username": "azureuser",
            "allow_extension_operations": true,
            "availability_set_id": "",
            "boot_diagnostics": [],
            "capacity_reservation_group_id": "",
            "computer_name": "jenkins-vm",
            "custom_data": null,
            "dedicated_host_group_id": "",
            "dedicated_host_id": "",
            "disable_password_authentication": true,
            "edge_zone": "",
            "encryption_at_host_enabled": false,
            "eviction_policy": "",
            "extensions_time_budget": "PT1H30M",
            "gallery_application": [],
            "id": "/subscriptions/ea6e6692-4d05-4c5b-9909-51c7dc5f5c2b/resourceGroups/binod-project-rg/providers/Microsoft.Compute/virtualMachines/jenkins-vm",
            "identity": [],
            "license_type": "",
            "location": "westeurope",
            "max_bid_price": -1,
            "name": "jenkins-vm",
            "network_interface_ids": [
              "/subscriptions/ea6e6692-4d05-4c5b-9909-51c7dc5f5c2b/resourceGroups/binod-project-rg/providers/Microsoft.Network/networkInterfaces/jenkins-nic"
            ],
            "os_disk": [
              {
                "caching": "ReadWrite",
                "diff_disk_settings": [],
                "disk_encryption_set_id": "",
                "disk_size_gb": 30,
                "name": "jenkins-vm_OsDisk_1_fcc3a5f9ebc94154b94279963a70c49f",
                "secure_vm_disk_encryption_set_id": "",
                "security_encryption_type": "",
                "storage_account_type": "Standard_LRS",
                "write_accelerator_enabled": false
              }
            ],
            "patch_assessment_mode": "ImageDefault",
            "patch_mode": "ImageDefault",
            "plan": [],
            "platform_fault_domain": -1,
            "priority": "Regular",
            "private_ip_address": "10.0.2.4",
            "private_ip_addresses": [
              "10.0.2.4"
            ],
            "provision_vm_agent": true,
            "proximity_placement_group_id": "",
            "public_ip_address": "20.16.233.20",
            "public_ip_addresses": [
              "20.16.233.20"
            ],
            "resource_group_name": "binod-project-rg",
            "secret": [],
            "secure_boot_enabled": false,
            "size": "Standard_B1s",
            "source_image_id": "",
            "source_image_reference": [
              {
                "offer": "0001-com-ubuntu-server-focal",
                "publisher": "Canonical",
                "sku": "20_04-lts-gen2",
                "version": "latest"
              }
            ],
            "tags": null,
            "termination_notification": null,
            "timeouts": null,
            "user_data": "",
            "virtual_machine_id": "036a366a-a571-43f5-82d7-8f31ec4d89d6",
            "virtual_machine_scale_set_id": "",
            "vtpm_enabled": false,
            "zone": ""
          },
          "sensitive_attributes": [],
          "private": "eyJlMmJmYjczMC1lY2FhLTExZTYtOGY4OC0zNDM2M2JjN2M0YzAiOnsiY3JlYXRlIjoyNzAwMDAwMDAwMDAwLCJkZWxldGUiOjI3MDAwMDAwMDAwMDAsInJlYWQiOjMwMDAwMDAwMDAwMCwidXBkYXRlIjoyNzAwMDAwMDAwMDAwfX0=",
          "dependencies": [
            "azurerm_network_interface.jenkinsnic",
            "azurerm_public_ip.jenkinspublicip",
            "azurerm_resource_group.cicdproject",
            "azurerm_subnet.cisubnet",
            "azurerm_virtual_network.cinetwork"
          ]
        }
      ]
    },
    {
      "mode": "managed",
      "type": "azurerm_linux_virtual_machine",
      "name": "webserver",
      "provider": "provider[\"registry.terraform.io/hashicorp/azurerm\"]",
      "instances": [
        {
          "schema_version": 0,
          "attributes": {
            "additional_capabilities": [],
            "admin_password": null,
            "admin_ssh_key": [
              {
                "public_key": "ssh-rsa AAAAB3NzaC1yc2EAAAADAQABAAABgQDMO4Xsq27YBjt8kRuG39zlMUyqz2JnR174vA7d9zabi6MNs+Jz8w/iLW4VyCG2hMYvwBtE9XsFyS5fBdTs2lQ1Nt7QCS3E5d6CRqUsdJT/N2WcWbL5rx5AUx2D6EC6buoOUkbQvyZV5XE8AC1cfd2LDpSqhzO9x/GiDq1V0ky8rB3zwlJ6kpfeWY+9uw3tv+HT/P1XGIjCGhP065ZZnfW4CjKL0S9abPa2f9tpdhm8+ZmSOUuqO8SDEssITQprG2xQc1NgyNVGzrIKWhfW6RO7yHPGe/4TWbXzRiVgkCLQEpU0i6ynzelidPXSKTTXCjS6ZSqvKSW4ResxFC0PIYL1v+kFY9gwZ9ytkIHo8Daz1H4gQ+uNAqR2ZXrclGH6Nv5RxKmC9gFMg9VlZo/G5FnKRSoCOO5IJLJvXVaf4JPi8Wf0RP7u8PZzrRl9wH1lc0+7b52xS/AnSZrR+5sNB2XH5BqlgnQCFBm1esxBBpvsLfk5kF33ywJuvDwyXYs7+Kc= binod@Binod\r\n",
                "username": "azureuser"
              }
            ],
            "admin_username": "azureuser",
            "allow_extension_operations": true,
            "availability_set_id": "",
            "boot_diagnostics": [],
            "capacity_reservation_group_id": "",
            "computer_name": "webserver-vm",
            "custom_data": null,
            "dedicated_host_group_id": "",
            "dedicated_host_id": "",
            "disable_password_authentication": true,
            "edge_zone": "",
            "encryption_at_host_enabled": false,
            "eviction_policy": "",
            "extensions_time_budget": "PT1H30M",
            "gallery_application": [],
            "id": "/subscriptions/ea6e6692-4d05-4c5b-9909-51c7dc5f5c2b/resourceGroups/binod-project-rg/providers/Microsoft.Compute/virtualMachines/webserver-vm",
            "identity": [],
            "license_type": "",
            "location": "westeurope",
            "max_bid_price": -1,
            "name": "webserver-vm",
            "network_interface_ids": [
              "/subscriptions/ea6e6692-4d05-4c5b-9909-51c7dc5f5c2b/resourceGroups/binod-project-rg/providers/Microsoft.Network/networkInterfaces/webserver-nic"
            ],
            "os_disk": [
              {
                "caching": "ReadWrite",
                "diff_disk_settings": [],
                "disk_encryption_set_id": "",
                "disk_size_gb": 30,
                "name": "webserver-vm_OsDisk_1_a84dd4404dd141df888daaaee22195f0",
                "secure_vm_disk_encryption_set_id": "",
                "security_encryption_type": "",
                "storage_account_type": "Standard_LRS",
                "write_accelerator_enabled": false
              }
            ],
            "patch_assessment_mode": "ImageDefault",
            "patch_mode": "ImageDefault",
            "plan": [],
            "platform_fault_domain": -1,
            "priority": "Regular",
            "private_ip_address": "10.0.2.5",
            "private_ip_addresses": [
              "10.0.2.5"
            ],
            "provision_vm_agent": true,
            "proximity_placement_group_id": "",
            "public_ip_address": "20.16.233.51",
            "public_ip_addresses": [
              "20.16.233.51"
            ],
            "resource_group_name": "binod-project-rg",
            "secret": [],
            "secure_boot_enabled": false,
            "size": "Standard_B2s",
            "source_image_id": "",
            "source_image_reference": [
              {
                "offer": "0001-com-ubuntu-server-focal",
                "publisher": "Canonical",
                "sku": "20_04-lts-gen2",
                "version": "latest"
              }
            ],
            "tags": null,
            "termination_notification": null,
            "timeouts": null,
            "user_data": "",
            "virtual_machine_id": "edcc44e5-cfb1-4099-860c-575bb5d56107",
            "virtual_machine_scale_set_id": "",
            "vtpm_enabled": false,
            "zone": ""
          },
          "sensitive_attributes": [],
          "private": "eyJlMmJmYjczMC1lY2FhLTExZTYtOGY4OC0zNDM2M2JjN2M0YzAiOnsiY3JlYXRlIjoyNzAwMDAwMDAwMDAwLCJkZWxldGUiOjI3MDAwMDAwMDAwMDAsInJlYWQiOjMwMDAwMDAwMDAwMCwidXBkYXRlIjoyNzAwMDAwMDAwMDAwfX0=",
          "dependencies": [
            "azurerm_network_interface.webservernic",
            "azurerm_public_ip.webserverpublicip",
            "azurerm_resource_group.cicdproject",
            "azurerm_subnet.cisubnet",
            "azurerm_virtual_network.cinetwork"
          ]
        }
      ]
    },
    {
      "mode": "managed",
      "type": "azurerm_network_interface",
      "name": "jenkinsnic",
      "provider": "provider[\"registry.terraform.io/hashicorp/azurerm\"]",
      "instances": [
        {
          "schema_version": 0,
          "attributes": {
            "applied_dns_servers": [],
            "dns_servers": [],
            "edge_zone": "",
            "enable_accelerated_networking": false,
            "enable_ip_forwarding": false,
            "id": "/subscriptions/ea6e6692-4d05-4c5b-9909-51c7dc5f5c2b/resourceGroups/binod-project-rg/providers/Microsoft.Network/networkInterfaces/jenkins-nic",
            "internal_dns_name_label": "",
            "internal_domain_name_suffix": "0iqj250jzkeupj1mrmpym052jf.ax.internal.cloudapp.net",
            "ip_configuration": [
              {
                "gateway_load_balancer_frontend_ip_configuration_id": "",
                "name": "internal",
                "primary": true,
                "private_ip_address": "10.0.2.4",
                "private_ip_address_allocation": "Dynamic",
                "private_ip_address_version": "IPv4",
                "public_ip_address_id": "/subscriptions/ea6e6692-4d05-4c5b-9909-51c7dc5f5c2b/resourceGroups/binod-project-rg/providers/Microsoft.Network/publicIPAddresses/jenkins-public-ip",
                "subnet_id": "/subscriptions/ea6e6692-4d05-4c5b-9909-51c7dc5f5c2b/resourceGroups/binod-project-rg/providers/Microsoft.Network/virtualNetworks/cicdproject-network/subnets/internal"
              }
            ],
            "location": "westeurope",
            "mac_address": "",
            "name": "jenkins-nic",
            "private_ip_address": "10.0.2.4",
            "private_ip_addresses": [
              "10.0.2.4"
            ],
            "resource_group_name": "binod-project-rg",
            "tags": null,
            "timeouts": null,
            "virtual_machine_id": ""
          },
          "sensitive_attributes": [],
          "private": "eyJlMmJmYjczMC1lY2FhLTExZTYtOGY4OC0zNDM2M2JjN2M0YzAiOnsiY3JlYXRlIjoxODAwMDAwMDAwMDAwLCJkZWxldGUiOjE4MDAwMDAwMDAwMDAsInJlYWQiOjMwMDAwMDAwMDAwMCwidXBkYXRlIjoxODAwMDAwMDAwMDAwfX0=",
          "dependencies": [
            "azurerm_public_ip.jenkinspublicip",
            "azurerm_resource_group.cicdproject",
            "azurerm_subnet.cisubnet",
            "azurerm_virtual_network.cinetwork"
          ]
        }
      ]
    },
    {
      "mode": "managed",
      "type": "azurerm_network_interface",
      "name": "webservernic",
      "provider": "provider[\"registry.terraform.io/hashicorp/azurerm\"]",
      "instances": [
        {
          "schema_version": 0,
          "attributes": {
            "applied_dns_servers": [],
            "dns_servers": [],
            "edge_zone": "",
            "enable_accelerated_networking": false,
            "enable_ip_forwarding": false,
            "id": "/subscriptions/ea6e6692-4d05-4c5b-9909-51c7dc5f5c2b/resourceGroups/binod-project-rg/providers/Microsoft.Network/networkInterfaces/webserver-nic",
            "internal_dns_name_label": "",
            "internal_domain_name_suffix": "0iqj250jzkeupj1mrmpym052jf.ax.internal.cloudapp.net",
            "ip_configuration": [
              {
                "gateway_load_balancer_frontend_ip_configuration_id": "",
                "name": "internal",
                "primary": true,
                "private_ip_address": "10.0.2.5",
                "private_ip_address_allocation": "Dynamic",
                "private_ip_address_version": "IPv4",
                "public_ip_address_id": "/subscriptions/ea6e6692-4d05-4c5b-9909-51c7dc5f5c2b/resourceGroups/binod-project-rg/providers/Microsoft.Network/publicIPAddresses/webserver-public-ip",
                "subnet_id": "/subscriptions/ea6e6692-4d05-4c5b-9909-51c7dc5f5c2b/resourceGroups/binod-project-rg/providers/Microsoft.Network/virtualNetworks/cicdproject-network/subnets/internal"
              }
            ],
            "location": "westeurope",
            "mac_address": "",
            "name": "webserver-nic",
            "private_ip_address": "10.0.2.5",
            "private_ip_addresses": [
              "10.0.2.5"
            ],
            "resource_group_name": "binod-project-rg",
            "tags": null,
            "timeouts": null,
            "virtual_machine_id": ""
          },
          "sensitive_attributes": [],
          "private": "eyJlMmJmYjczMC1lY2FhLTExZTYtOGY4OC0zNDM2M2JjN2M0YzAiOnsiY3JlYXRlIjoxODAwMDAwMDAwMDAwLCJkZWxldGUiOjE4MDAwMDAwMDAwMDAsInJlYWQiOjMwMDAwMDAwMDAwMCwidXBkYXRlIjoxODAwMDAwMDAwMDAwfX0=",
          "dependencies": [
            "azurerm_public_ip.webserverpublicip",
            "azurerm_resource_group.cicdproject",
            "azurerm_subnet.cisubnet",
            "azurerm_virtual_network.cinetwork"
          ]
        }
      ]
    },
    {
      "mode": "managed",
      "type": "azurerm_network_interface_security_group_association",
      "name": "jenkinsnsg",
      "provider": "provider[\"registry.terraform.io/hashicorp/azurerm\"]",
      "instances": [
        {
          "schema_version": 0,
          "attributes": {
            "id": "/subscriptions/ea6e6692-4d05-4c5b-9909-51c7dc5f5c2b/resourceGroups/binod-project-rg/providers/Microsoft.Network/networkInterfaces/jenkins-nic|/subscriptions/ea6e6692-4d05-4c5b-9909-51c7dc5f5c2b/resourceGroups/binod-project-rg/providers/Microsoft.Network/networkSecurityGroups/cicdproject-nsg",
            "network_interface_id": "/subscriptions/ea6e6692-4d05-4c5b-9909-51c7dc5f5c2b/resourceGroups/binod-project-rg/providers/Microsoft.Network/networkInterfaces/jenkins-nic",
            "network_security_group_id": "/subscriptions/ea6e6692-4d05-4c5b-9909-51c7dc5f5c2b/resourceGroups/binod-project-rg/providers/Microsoft.Network/networkSecurityGroups/cicdproject-nsg",
            "timeouts": null
          },
          "sensitive_attributes": [],
          "private": "eyJlMmJmYjczMC1lY2FhLTExZTYtOGY4OC0zNDM2M2JjN2M0YzAiOnsiY3JlYXRlIjoxODAwMDAwMDAwMDAwLCJkZWxldGUiOjE4MDAwMDAwMDAwMDAsInJlYWQiOjMwMDAwMDAwMDAwMCwidXBkYXRlIjoxODAwMDAwMDAwMDAwfX0=",
          "dependencies": [
            "azurerm_network_interface.jenkinsnic",
            "azurerm_network_security_group.cicdproject",
            "azurerm_public_ip.jenkinspublicip",
            "azurerm_resource_group.cicdproject",
            "azurerm_subnet.cisubnet",
            "azurerm_virtual_network.cinetwork"
          ]
        }
      ]
    },
    {
      "mode": "managed",
      "type": "azurerm_network_interface_security_group_association",
      "name": "webservernsg",
      "provider": "provider[\"registry.terraform.io/hashicorp/azurerm\"]",
      "instances": [
        {
          "schema_version": 0,
          "attributes": {
            "id": "/subscriptions/ea6e6692-4d05-4c5b-9909-51c7dc5f5c2b/resourceGroups/binod-project-rg/providers/Microsoft.Network/networkInterfaces/webserver-nic|/subscriptions/ea6e6692-4d05-4c5b-9909-51c7dc5f5c2b/resourceGroups/binod-project-rg/providers/Microsoft.Network/networkSecurityGroups/cicdproject-nsg",
            "network_interface_id": "/subscriptions/ea6e6692-4d05-4c5b-9909-51c7dc5f5c2b/resourceGroups/binod-project-rg/providers/Microsoft.Network/networkInterfaces/webserver-nic",
            "network_security_group_id": "/subscriptions/ea6e6692-4d05-4c5b-9909-51c7dc5f5c2b/resourceGroups/binod-project-rg/providers/Microsoft.Network/networkSecurityGroups/cicdproject-nsg",
            "timeouts": null
          },
          "sensitive_attributes": [],
          "private": "eyJlMmJmYjczMC1lY2FhLTExZTYtOGY4OC0zNDM2M2JjN2M0YzAiOnsiY3JlYXRlIjoxODAwMDAwMDAwMDAwLCJkZWxldGUiOjE4MDAwMDAwMDAwMDAsInJlYWQiOjMwMDAwMDAwMDAwMCwidXBkYXRlIjoxODAwMDAwMDAwMDAwfX0=",
          "dependencies": [
            "azurerm_network_interface.webservernic",
            "azurerm_network_security_group.cicdproject",
            "azurerm_public_ip.webserverpublicip",
            "azurerm_resource_group.cicdproject",
            "azurerm_subnet.cisubnet",
            "azurerm_virtual_network.cinetwork"
          ]
        }
      ]
    },
    {
      "mode": "managed",
      "type": "azurerm_network_security_group",
      "name": "cicdproject",
      "provider": "provider[\"registry.terraform.io/hashicorp/azurerm\"]",
      "instances": [
        {
          "schema_version": 0,
          "attributes": {
            "id": "/subscriptions/ea6e6692-4d05-4c5b-9909-51c7dc5f5c2b/resourceGroups/binod-project-rg/providers/Microsoft.Network/networkSecurityGroups/cicdproject-nsg",
            "location": "westeurope",
            "name": "cicdproject-nsg",
            "resource_group_name": "binod-project-rg",
            "security_rule": [],
            "tags": null,
            "timeouts": null
          },
          "sensitive_attributes": [],
          "private": "eyJlMmJmYjczMC1lY2FhLTExZTYtOGY4OC0zNDM2M2JjN2M0YzAiOnsiY3JlYXRlIjoxODAwMDAwMDAwMDAwLCJkZWxldGUiOjE4MDAwMDAwMDAwMDAsInJlYWQiOjMwMDAwMDAwMDAwMCwidXBkYXRlIjoxODAwMDAwMDAwMDAwfX0=",
          "dependencies": [
            "azurerm_resource_group.cicdproject"
          ]
        }
      ]
    },
    {
      "mode": "managed",
      "type": "azurerm_network_security_rule",
      "name": "allout",
      "provider": "provider[\"registry.terraform.io/hashicorp/azurerm\"]",
      "instances": [
        {
          "schema_version": 0,
          "attributes": {
            "access": "Allow",
            "description": "",
            "destination_address_prefix": "*",
            "destination_address_prefixes": null,
            "destination_application_security_group_ids": null,
            "destination_port_range": "80",
            "destination_port_ranges": null,
            "direction": "Inbound",
            "id": "/subscriptions/ea6e6692-4d05-4c5b-9909-51c7dc5f5c2b/resourceGroups/binod-project-rg/providers/Microsoft.Network/networkSecurityGroups/cicdproject-nsg/securityRules/web",
            "name": "web",
            "network_security_group_name": "cicdproject-nsg",
            "priority": 101,
            "protocol": "Tcp",
            "resource_group_name": "binod-project-rg",
            "source_address_prefix": "*",
            "source_address_prefixes": null,
            "source_application_security_group_ids": null,
            "source_port_range": "*",
            "source_port_ranges": null,
            "timeouts": null
          },
          "sensitive_attributes": [],
          "private": "eyJlMmJmYjczMC1lY2FhLTExZTYtOGY4OC0zNDM2M2JjN2M0YzAiOnsiY3JlYXRlIjoxODAwMDAwMDAwMDAwLCJkZWxldGUiOjE4MDAwMDAwMDAwMDAsInJlYWQiOjMwMDAwMDAwMDAwMCwidXBkYXRlIjoxODAwMDAwMDAwMDAwfX0=",
          "dependencies": [
            "azurerm_network_security_group.cicdproject",
            "azurerm_resource_group.cicdproject"
          ]
        }
      ]
    },
    {
      "mode": "managed",
      "type": "azurerm_network_security_rule",
      "name": "sshd",
      "provider": "provider[\"registry.terraform.io/hashicorp/azurerm\"]",
      "instances": [
        {
          "schema_version": 0,
          "attributes": {
            "access": "Allow",
            "description": "",
            "destination_address_prefix": "*",
            "destination_address_prefixes": null,
            "destination_application_security_group_ids": null,
            "destination_port_range": "22",
            "destination_port_ranges": null,
            "direction": "Inbound",
            "id": "/subscriptions/ea6e6692-4d05-4c5b-9909-51c7dc5f5c2b/resourceGroups/binod-project-rg/providers/Microsoft.Network/networkSecurityGroups/cicdproject-nsg/securityRules/sshd",
            "name": "sshd",
            "network_security_group_name": "cicdproject-nsg",
            "priority": 100,
            "protocol": "Tcp",
            "resource_group_name": "binod-project-rg",
            "source_address_prefix": "*",
            "source_address_prefixes": null,
            "source_application_security_group_ids": null,
            "source_port_range": "*",
            "source_port_ranges": null,
            "timeouts": null
          },
          "sensitive_attributes": [],
          "private": "eyJlMmJmYjczMC1lY2FhLTExZTYtOGY4OC0zNDM2M2JjN2M0YzAiOnsiY3JlYXRlIjoxODAwMDAwMDAwMDAwLCJkZWxldGUiOjE4MDAwMDAwMDAwMDAsInJlYWQiOjMwMDAwMDAwMDAwMCwidXBkYXRlIjoxODAwMDAwMDAwMDAwfX0=",
          "dependencies": [
            "azurerm_network_security_group.cicdproject",
            "azurerm_resource_group.cicdproject"
          ]
        }
      ]
    },
    {
      "mode": "managed",
      "type": "azurerm_network_security_rule",
      "name": "web",
      "provider": "provider[\"registry.terraform.io/hashicorp/azurerm\"]",
      "instances": [
        {
          "schema_version": 0,
          "attributes": {
            "access": "Allow",
            "description": "",
            "destination_address_prefix": "*",
            "destination_address_prefixes": null,
            "destination_application_security_group_ids": null,
            "destination_port_range": "80",
            "destination_port_ranges": null,
            "direction": "Inbound",
            "id": "/subscriptions/ea6e6692-4d05-4c5b-9909-51c7dc5f5c2b/resourceGroups/binod-project-rg/providers/Microsoft.Network/networkSecurityGroups/cicdproject-nsg/securityRules/web",
            "name": "web",
            "network_security_group_name": "cicdproject-nsg",
            "priority": 101,
            "protocol": "Tcp",
            "resource_group_name": "binod-project-rg",
            "source_address_prefix": "*",
            "source_address_prefixes": null,
            "source_application_security_group_ids": null,
            "source_port_range": "*",
            "source_port_ranges": null,
            "timeouts": null
          },
          "sensitive_attributes": [],
          "private": "eyJlMmJmYjczMC1lY2FhLTExZTYtOGY4OC0zNDM2M2JjN2M0YzAiOnsiY3JlYXRlIjoxODAwMDAwMDAwMDAwLCJkZWxldGUiOjE4MDAwMDAwMDAwMDAsInJlYWQiOjMwMDAwMDAwMDAwMCwidXBkYXRlIjoxODAwMDAwMDAwMDAwfX0=",
          "dependencies": [
            "azurerm_network_security_group.cicdproject",
            "azurerm_resource_group.cicdproject"
          ]
        }
      ]
    },
    {
      "mode": "managed",
      "type": "azurerm_public_ip",
      "name": "jenkinspublicip",
      "provider": "provider[\"registry.terraform.io/hashicorp/azurerm\"]",
      "instances": [
        {
          "schema_version": 0,
          "attributes": {
            "allocation_method": "Dynamic",
            "domain_name_label": null,
            "edge_zone": "",
            "fqdn": null,
            "id": "/subscriptions/ea6e6692-4d05-4c5b-9909-51c7dc5f5c2b/resourceGroups/binod-project-rg/providers/Microsoft.Network/publicIPAddresses/jenkins-public-ip",
            "idle_timeout_in_minutes": 4,
            "ip_address": "",
            "ip_tags": null,
            "ip_version": "IPv4",
            "location": "westeurope",
            "name": "jenkins-public-ip",
            "public_ip_prefix_id": null,
            "resource_group_name": "binod-project-rg",
            "reverse_fqdn": null,
            "sku": "Basic",
            "sku_tier": "Regional",
            "tags": null,
            "timeouts": null,
            "zones": null
          },
          "sensitive_attributes": [],
          "private": "eyJlMmJmYjczMC1lY2FhLTExZTYtOGY4OC0zNDM2M2JjN2M0YzAiOnsiY3JlYXRlIjoxODAwMDAwMDAwMDAwLCJkZWxldGUiOjE4MDAwMDAwMDAwMDAsInJlYWQiOjMwMDAwMDAwMDAwMCwidXBkYXRlIjoxODAwMDAwMDAwMDAwfX0=",
          "dependencies": [
            "azurerm_resource_group.cicdproject"
          ]
        }
      ]
    },
    {
      "mode": "managed",
      "type": "azurerm_public_ip",
      "name": "webserverpublicip",
      "provider": "provider[\"registry.terraform.io/hashicorp/azurerm\"]",
      "instances": [
        {
          "schema_version": 0,
          "attributes": {
            "allocation_method": "Dynamic",
            "domain_name_label": null,
            "edge_zone": "",
            "fqdn": null,
            "id": "/subscriptions/ea6e6692-4d05-4c5b-9909-51c7dc5f5c2b/resourceGroups/binod-project-rg/providers/Microsoft.Network/publicIPAddresses/webserver-public-ip",
            "idle_timeout_in_minutes": 4,
            "ip_address": "",
            "ip_tags": null,
            "ip_version": "IPv4",
            "location": "westeurope",
            "name": "webserver-public-ip",
            "public_ip_prefix_id": null,
            "resource_group_name": "binod-project-rg",
            "reverse_fqdn": null,
            "sku": "Basic",
            "sku_tier": "Regional",
            "tags": null,
            "timeouts": null,
            "zones": null
          },
          "sensitive_attributes": [],
          "private": "eyJlMmJmYjczMC1lY2FhLTExZTYtOGY4OC0zNDM2M2JjN2M0YzAiOnsiY3JlYXRlIjoxODAwMDAwMDAwMDAwLCJkZWxldGUiOjE4MDAwMDAwMDAwMDAsInJlYWQiOjMwMDAwMDAwMDAwMCwidXBkYXRlIjoxODAwMDAwMDAwMDAwfX0=",
          "dependencies": [
            "azurerm_resource_group.cicdproject"
          ]
        }
      ]
    },
    {
      "mode": "managed",
      "type": "azurerm_resource_group",
      "name": "cicdproject",
      "provider": "provider[\"registry.terraform.io/hashicorp/azurerm\"]",
      "instances": [
        {
          "schema_version": 0,
          "attributes": {
            "id": "/subscriptions/ea6e6692-4d05-4c5b-9909-51c7dc5f5c2b/resourceGroups/binod-project-rg",
            "location": "westeurope",
            "name": "binod-project-rg",
            "tags": null,
            "timeouts": null
          },
          "sensitive_attributes": [],
          "private": "eyJlMmJmYjczMC1lY2FhLTExZTYtOGY4OC0zNDM2M2JjN2M0YzAiOnsiY3JlYXRlIjo1NDAwMDAwMDAwMDAwLCJkZWxldGUiOjU0MDAwMDAwMDAwMDAsInJlYWQiOjMwMDAwMDAwMDAwMCwidXBkYXRlIjo1NDAwMDAwMDAwMDAwfX0="
        }
      ]
    },
    {
      "mode": "managed",
      "type": "azurerm_subnet",
      "name": "cisubnet",
      "provider": "provider[\"registry.terraform.io/hashicorp/azurerm\"]",
      "instances": [
        {
          "schema_version": 0,
          "attributes": {
            "address_prefixes": [
              "10.0.2.0/24"
            ],
            "delegation": [],
            "enforce_private_link_endpoint_network_policies": false,
            "enforce_private_link_service_network_policies": false,
            "id": "/subscriptions/ea6e6692-4d05-4c5b-9909-51c7dc5f5c2b/resourceGroups/binod-project-rg/providers/Microsoft.Network/virtualNetworks/cicdproject-network/subnets/internal",
            "name": "internal",
            "private_endpoint_network_policies_enabled": true,
            "private_link_service_network_policies_enabled": true,
            "resource_group_name": "binod-project-rg",
            "service_endpoint_policy_ids": null,
            "service_endpoints": null,
            "timeouts": null,
            "virtual_network_name": "cicdproject-network"
          },
          "sensitive_attributes": [],
          "private": "eyJlMmJmYjczMC1lY2FhLTExZTYtOGY4OC0zNDM2M2JjN2M0YzAiOnsiY3JlYXRlIjoxODAwMDAwMDAwMDAwLCJkZWxldGUiOjE4MDAwMDAwMDAwMDAsInJlYWQiOjMwMDAwMDAwMDAwMCwidXBkYXRlIjoxODAwMDAwMDAwMDAwfX0=",
          "dependencies": [
            "azurerm_resource_group.cicdproject",
            "azurerm_virtual_network.cinetwork"
          ]
        }
      ]
    },
    {
      "mode": "managed",
      "type": "azurerm_virtual_network",
      "name": "cinetwork",
      "provider": "provider[\"registry.terraform.io/hashicorp/azurerm\"]",
      "instances": [
        {
          "schema_version": 0,
          "attributes": {
            "address_space": [
              "10.0.0.0/16"
            ],
            "bgp_community": "",
            "ddos_protection_plan": [],
            "dns_servers": [],
            "edge_zone": "",
            "flow_timeout_in_minutes": 0,
            "guid": "7f9e20d2-ca49-4789-a76c-8b1f866bfc4d",
            "id": "/subscriptions/ea6e6692-4d05-4c5b-9909-51c7dc5f5c2b/resourceGroups/binod-project-rg/providers/Microsoft.Network/virtualNetworks/cicdproject-network",
            "location": "westeurope",
            "name": "cicdproject-network",
            "resource_group_name": "binod-project-rg",
            "subnet": [],
            "tags": null,
            "timeouts": null
          },
          "sensitive_attributes": [],
          "private": "eyJlMmJmYjczMC1lY2FhLTExZTYtOGY4OC0zNDM2M2JjN2M0YzAiOnsiY3JlYXRlIjoxODAwMDAwMDAwMDAwLCJkZWxldGUiOjE4MDAwMDAwMDAwMDAsInJlYWQiOjMwMDAwMDAwMDAwMCwidXBkYXRlIjoxODAwMDAwMDAwMDAwfX0=",
          "dependencies": [
            "azurerm_resource_group.cicdproject"
          ]
        }
      ]
    }
  ],
  "check_results": null
}
